// !$*UTF8*$!
{
	archiveVersion = 1;
	classes = {
	};
	objectVersion = 56;
	objects = {

/* Begin PBXBuildFile section */
		ED3315462B8778AE0055BEB1 /* IngredientsView.swift in Sources */ = {isa = PBXBuildFile; fileRef = ED3315452B8778AE0055BEB1 /* IngredientsView.swift */; };
		ED3315482B877C4A0055BEB1 /* ContentView.swift in Sources */ = {isa = PBXBuildFile; fileRef = ED3315472B877C4A0055BEB1 /* ContentView.swift */; };
		ED404C8F2B6D540400263847 /* Recipes.swift in Sources */ = {isa = PBXBuildFile; fileRef = ED404C8E2B6D540400263847 /* Recipes.swift */; };
		ED404C912B6D548F00263847 /* RecipesView.swift in Sources */ = {isa = PBXBuildFile; fileRef = ED404C902B6D548F00263847 /* RecipesView.swift */; };
		EDD73F8D2B5FC57300A9FC9B /* YummiApp.swift in Sources */ = {isa = PBXBuildFile; fileRef = EDD73F8C2B5FC57300A9FC9B /* YummiApp.swift */; };
		EDD73F912B5FC57500A9FC9B /* Assets.xcassets in Resources */ = {isa = PBXBuildFile; fileRef = EDD73F902B5FC57500A9FC9B /* Assets.xcassets */; };
		EDD73F942B5FC57500A9FC9B /* Preview Assets.xcassets in Resources */ = {isa = PBXBuildFile; fileRef = EDD73F932B5FC57500A9FC9B /* Preview Assets.xcassets */; };
		EDD73F9E2B5FC57600A9FC9B /* YummiTests.swift in Sources */ = {isa = PBXBuildFile; fileRef = EDD73F9D2B5FC57600A9FC9B /* YummiTests.swift */; };
		EDD73FA82B5FC57600A9FC9B /* YummiUITests.swift in Sources */ = {isa = PBXBuildFile; fileRef = EDD73FA72B5FC57600A9FC9B /* YummiUITests.swift */; };
		EDD73FAA2B5FC57600A9FC9B /* YummiUITestsLaunchTests.swift in Sources */ = {isa = PBXBuildFile; fileRef = EDD73FA92B5FC57600A9FC9B /* YummiUITestsLaunchTests.swift */; };
		EDD73FB72B5FC84400A9FC9B /* Current Ingredient.swift in Sources */ = {isa = PBXBuildFile; fileRef = EDD73FB62B5FC84400A9FC9B /* Current Ingredient.swift */; };
		EDE0BB752B8DF09C0026CBF5 /* SpecificRecipeView.swift in Sources */ = {isa = PBXBuildFile; fileRef = EDE0BB742B8DF09C0026CBF5 /* SpecificRecipeView.swift */; };
/* End PBXBuildFile section */

/* Begin PBXContainerItemProxy section */
		EDD73F9A2B5FC57600A9FC9B /* PBXContainerItemProxy */ = {
			isa = PBXContainerItemProxy;
			containerPortal = EDD73F812B5FC57300A9FC9B /* Project object */;
			proxyType = 1;
			remoteGlobalIDString = EDD73F882B5FC57300A9FC9B;
			remoteInfo = Yummi;
		};
		EDD73FA42B5FC57600A9FC9B /* PBXContainerItemProxy */ = {
			isa = PBXContainerItemProxy;
			containerPortal = EDD73F812B5FC57300A9FC9B /* Project object */;
			proxyType = 1;
			remoteGlobalIDString = EDD73F882B5FC57300A9FC9B;
			remoteInfo = Yummi;
		};
/* End PBXContainerItemProxy section */

/* Begin PBXFileReference section */
		ED3315452B8778AE0055BEB1 /* IngredientsView.swift */ = {isa = PBXFileReference; lastKnownFileType = sourcecode.swift; path = IngredientsView.swift; sourceTree = "<group>"; };
		ED3315472B877C4A0055BEB1 /* ContentView.swift */ = {isa = PBXFileReference; lastKnownFileType = sourcecode.swift; path = ContentView.swift; sourceTree = "<group>"; };
		ED404C8E2B6D540400263847 /* Recipes.swift */ = {isa = PBXFileReference; lastKnownFileType = sourcecode.swift; path = Recipes.swift; sourceTree = "<group>"; };
		ED404C902B6D548F00263847 /* RecipesView.swift */ = {isa = PBXFileReference; lastKnownFileType = sourcecode.swift; path = RecipesView.swift; sourceTree = "<group>"; };
		EDD73F892B5FC57300A9FC9B /* Yummi.app */ = {isa = PBXFileReference; explicitFileType = wrapper.application; includeInIndex = 0; path = Yummi.app; sourceTree = BUILT_PRODUCTS_DIR; };
		EDD73F8C2B5FC57300A9FC9B /* YummiApp.swift */ = {isa = PBXFileReference; lastKnownFileType = sourcecode.swift; path = YummiApp.swift; sourceTree = "<group>"; };
		EDD73F902B5FC57500A9FC9B /* Assets.xcassets */ = {isa = PBXFileReference; lastKnownFileType = folder.assetcatalog; path = Assets.xcassets; sourceTree = "<group>"; };
		EDD73F932B5FC57500A9FC9B /* Preview Assets.xcassets */ = {isa = PBXFileReference; lastKnownFileType = folder.assetcatalog; path = "Preview Assets.xcassets"; sourceTree = "<group>"; };
		EDD73F992B5FC57600A9FC9B /* YummiTests.xctest */ = {isa = PBXFileReference; explicitFileType = wrapper.cfbundle; includeInIndex = 0; path = YummiTests.xctest; sourceTree = BUILT_PRODUCTS_DIR; };
		EDD73F9D2B5FC57600A9FC9B /* YummiTests.swift */ = {isa = PBXFileReference; lastKnownFileType = sourcecode.swift; path = YummiTests.swift; sourceTree = "<group>"; };
		EDD73FA32B5FC57600A9FC9B /* YummiUITests.xctest */ = {isa = PBXFileReference; explicitFileType = wrapper.cfbundle; includeInIndex = 0; path = YummiUITests.xctest; sourceTree = BUILT_PRODUCTS_DIR; };
		EDD73FA72B5FC57600A9FC9B /* YummiUITests.swift */ = {isa = PBXFileReference; lastKnownFileType = sourcecode.swift; path = YummiUITests.swift; sourceTree = "<group>"; };
		EDD73FA92B5FC57600A9FC9B /* YummiUITestsLaunchTests.swift */ = {isa = PBXFileReference; lastKnownFileType = sourcecode.swift; path = YummiUITestsLaunchTests.swift; sourceTree = "<group>"; };
		EDD73FB62B5FC84400A9FC9B /* Current Ingredient.swift */ = {isa = PBXFileReference; lastKnownFileType = sourcecode.swift; path = "Current Ingredient.swift"; sourceTree = "<group>"; };
		EDE0BB742B8DF09C0026CBF5 /* SpecificRecipeView.swift */ = {isa = PBXFileReference; lastKnownFileType = sourcecode.swift; path = SpecificRecipeView.swift; sourceTree = "<group>"; };
/* End PBXFileReference section */

/* Begin PBXFrameworksBuildPhase section */
		EDD73F862B5FC57300A9FC9B /* Frameworks */ = {
			isa = PBXFrameworksBuildPhase;
			buildActionMask = 2147483647;
			files = (
			);
			runOnlyForDeploymentPostprocessing = 0;
		};
		EDD73F962B5FC57600A9FC9B /* Frameworks */ = {
			isa = PBXFrameworksBuildPhase;
			buildActionMask = 2147483647;
			files = (
			);
			runOnlyForDeploymentPostprocessing = 0;
		};
		EDD73FA02B5FC57600A9FC9B /* Frameworks */ = {
			isa = PBXFrameworksBuildPhase;
			buildActionMask = 2147483647;
			files = (
			);
			runOnlyForDeploymentPostprocessing = 0;
		};
/* End PBXFrameworksBuildPhase section */

/* Begin PBXGroup section */
		ED404C922B6D58ED00263847 /* Views */ = {
			isa = PBXGroup;
			children = (
				ED404C902B6D548F00263847 /* RecipesView.swift */,
				EDE0BB742B8DF09C0026CBF5 /* SpecificRecipeView.swift */,
				ED3315452B8778AE0055BEB1 /* IngredientsView.swift */,
				ED3315472B877C4A0055BEB1 /* ContentView.swift */,
			);
			path = Views;
			sourceTree = "<group>";
		};
		ED404C932B6D58FA00263847 /* Code */ = {
			isa = PBXGroup;
			children = (
				ED404C8E2B6D540400263847 /* Recipes.swift */,
				EDD73FB62B5FC84400A9FC9B /* Current Ingredient.swift */,
			);
			path = Code;
			sourceTree = "<group>";
		};
		EDD73F802B5FC57300A9FC9B = {
			isa = PBXGroup;
			children = (
				EDD73F8B2B5FC57300A9FC9B /* Yummi */,
				EDD73F9C2B5FC57600A9FC9B /* YummiTests */,
				EDD73FA62B5FC57600A9FC9B /* YummiUITests */,
				EDD73F8A2B5FC57300A9FC9B /* Products */,
			);
			sourceTree = "<group>";
		};
		EDD73F8A2B5FC57300A9FC9B /* Products */ = {
			isa = PBXGroup;
			children = (
				EDD73F892B5FC57300A9FC9B /* Yummi.app */,
				EDD73F992B5FC57600A9FC9B /* YummiTests.xctest */,
				EDD73FA32B5FC57600A9FC9B /* YummiUITests.xctest */,
			);
			name = Products;
			sourceTree = "<group>";
		};
		EDD73F8B2B5FC57300A9FC9B /* Yummi */ = {
			isa = PBXGroup;
			children = (
				EDD73F8C2B5FC57300A9FC9B /* YummiApp.swift */,
				ED404C932B6D58FA00263847 /* Code */,
				ED404C922B6D58ED00263847 /* Views */,
				EDD73F902B5FC57500A9FC9B /* Assets.xcassets */,
				EDD73F922B5FC57500A9FC9B /* Preview Content */,
			);
			path = Yummi;
			sourceTree = "<group>";
		};
		EDD73F922B5FC57500A9FC9B /* Preview Content */ = {
			isa = PBXGroup;
			children = (
				EDD73F932B5FC57500A9FC9B /* Preview Assets.xcassets */,
			);
			path = "Preview Content";
			sourceTree = "<group>";
		};
		EDD73F9C2B5FC57600A9FC9B /* YummiTests */ = {
			isa = PBXGroup;
			children = (
				EDD73F9D2B5FC57600A9FC9B /* YummiTests.swift */,
			);
			path = YummiTests;
			sourceTree = "<group>";
		};
		EDD73FA62B5FC57600A9FC9B /* YummiUITests */ = {
			isa = PBXGroup;
			children = (
				EDD73FA72B5FC57600A9FC9B /* YummiUITests.swift */,
				EDD73FA92B5FC57600A9FC9B /* YummiUITestsLaunchTests.swift */,
			);
			path = YummiUITests;
			sourceTree = "<group>";
		};
/* End PBXGroup section */

/* Begin PBXNativeTarget section */
		EDD73F882B5FC57300A9FC9B /* Yummi */ = {
			isa = PBXNativeTarget;
			buildConfigurationList = EDD73FAD2B5FC57600A9FC9B /* Build configuration list for PBXNativeTarget "Yummi" */;
			buildPhases = (
				EDD73F852B5FC57300A9FC9B /* Sources */,
				EDD73F862B5FC57300A9FC9B /* Frameworks */,
				EDD73F872B5FC57300A9FC9B /* Resources */,
			);
			buildRules = (
			);
			dependencies = (
			);
			name = Yummi;
			productName = Yummi;
			productReference = EDD73F892B5FC57300A9FC9B /* Yummi.app */;
			productType = "com.apple.product-type.application";
		};
		EDD73F982B5FC57600A9FC9B /* YummiTests */ = {
			isa = PBXNativeTarget;
			buildConfigurationList = EDD73FB02B5FC57600A9FC9B /* Build configuration list for PBXNativeTarget "YummiTests" */;
			buildPhases = (
				EDD73F952B5FC57600A9FC9B /* Sources */,
				EDD73F962B5FC57600A9FC9B /* Frameworks */,
				EDD73F972B5FC57600A9FC9B /* Resources */,
			);
			buildRules = (
			);
			dependencies = (
				EDD73F9B2B5FC57600A9FC9B /* PBXTargetDependency */,
			);
			name = YummiTests;
			productName = YummiTests;
			productReference = EDD73F992B5FC57600A9FC9B /* YummiTests.xctest */;
			productType = "com.apple.product-type.bundle.unit-test";
		};
		EDD73FA22B5FC57600A9FC9B /* YummiUITests */ = {
			isa = PBXNativeTarget;
			buildConfigurationList = EDD73FB32B5FC57600A9FC9B /* Build configuration list for PBXNativeTarget "YummiUITests" */;
			buildPhases = (
				EDD73F9F2B5FC57600A9FC9B /* Sources */,
				EDD73FA02B5FC57600A9FC9B /* Frameworks */,
				EDD73FA12B5FC57600A9FC9B /* Resources */,
			);
			buildRules = (
			);
			dependencies = (
				EDD73FA52B5FC57600A9FC9B /* PBXTargetDependency */,
			);
			name = YummiUITests;
			productName = YummiUITests;
			productReference = EDD73FA32B5FC57600A9FC9B /* YummiUITests.xctest */;
			productType = "com.apple.product-type.bundle.ui-testing";
		};
/* End PBXNativeTarget section */

/* Begin PBXProject section */
		EDD73F812B5FC57300A9FC9B /* Project object */ = {
			isa = PBXProject;
			attributes = {
				BuildIndependentTargetsInParallel = 1;
				LastSwiftUpdateCheck = 1520;
				LastUpgradeCheck = 1520;
				TargetAttributes = {
					EDD73F882B5FC57300A9FC9B = {
						CreatedOnToolsVersion = 15.2;
					};
					EDD73F982B5FC57600A9FC9B = {
						CreatedOnToolsVersion = 15.2;
						TestTargetID = EDD73F882B5FC57300A9FC9B;
					};
					EDD73FA22B5FC57600A9FC9B = {
						CreatedOnToolsVersion = 15.2;
						TestTargetID = EDD73F882B5FC57300A9FC9B;
					};
				};
			};
			buildConfigurationList = EDD73F842B5FC57300A9FC9B /* Build configuration list for PBXProject "Yummi" */;
			compatibilityVersion = "Xcode 14.0";
			developmentRegion = en;
			hasScannedForEncodings = 0;
			knownRegions = (
				en,
				Base,
			);
			mainGroup = EDD73F802B5FC57300A9FC9B;
			productRefGroup = EDD73F8A2B5FC57300A9FC9B /* Products */;
			projectDirPath = "";
			projectRoot = "";
			targets = (
				EDD73F882B5FC57300A9FC9B /* Yummi */,
				EDD73F982B5FC57600A9FC9B /* YummiTests */,
				EDD73FA22B5FC57600A9FC9B /* YummiUITests */,
			);
		};
/* End PBXProject section */

/* Begin PBXResourcesBuildPhase section */
		EDD73F872B5FC57300A9FC9B /* Resources */ = {
			isa = PBXResourcesBuildPhase;
			buildActionMask = 2147483647;
			files = (
				EDD73F942B5FC57500A9FC9B /* Preview Assets.xcassets in Resources */,
				EDD73F912B5FC57500A9FC9B /* Assets.xcassets in Resources */,
			);
			runOnlyForDeploymentPostprocessing = 0;
		};
		EDD73F972B5FC57600A9FC9B /* Resources */ = {
			isa = PBXResourcesBuildPhase;
			buildActionMask = 2147483647;
			files = (
			);
			runOnlyForDeploymentPostprocessing = 0;
		};
		EDD73FA12B5FC57600A9FC9B /* Resources */ = {
			isa = PBXResourcesBuildPhase;
			buildActionMask = 2147483647;
			files = (
			);
			runOnlyForDeploymentPostprocessing = 0;
		};
/* End PBXResourcesBuildPhase section */

/* Begin PBXSourcesBuildPhase section */
		EDD73F852B5FC57300A9FC9B /* Sources */ = {
			isa = PBXSourcesBuildPhase;
			buildActionMask = 2147483647;
			files = (
				EDE0BB752B8DF09C0026CBF5 /* SpecificRecipeView.swift in Sources */,
				EDD73FB72B5FC84400A9FC9B /* Current Ingredient.swift in Sources */,
				ED3315462B8778AE0055BEB1 /* IngredientsView.swift in Sources */,
				ED3315482B877C4A0055BEB1 /* ContentView.swift in Sources */,
				ED404C912B6D548F00263847 /* RecipesView.swift in Sources */,
				EDD73F8D2B5FC57300A9FC9B /* YummiApp.swift in Sources */,
				ED404C8F2B6D540400263847 /* Recipes.swift in Sources */,
			);
			runOnlyForDeploymentPostprocessing = 0;
		};
		EDD73F952B5FC57600A9FC9B /* Sources */ = {
			isa = PBXSourcesBuildPhase;
			buildActionMask = 2147483647;
			files = (
				EDD73F9E2B5FC57600A9FC9B /* YummiTests.swift in Sources */,
			);
			runOnlyForDeploymentPostprocessing = 0;
		};
		EDD73F9F2B5FC57600A9FC9B /* Sources */ = {
			isa = PBXSourcesBuildPhase;
			buildActionMask = 2147483647;
			files = (
				EDD73FAA2B5FC57600A9FC9B /* YummiUITestsLaunchTests.swift in Sources */,
				EDD73FA82B5FC57600A9FC9B /* YummiUITests.swift in Sources */,
			);
			runOnlyForDeploymentPostprocessing = 0;
		};
/* End PBXSourcesBuildPhase section */

/* Begin PBXTargetDependency section */
		EDD73F9B2B5FC57600A9FC9B /* PBXTargetDependency */ = {
			isa = PBXTargetDependency;
			target = EDD73F882B5FC57300A9FC9B /* Yummi */;
			targetProxy = EDD73F9A2B5FC57600A9FC9B /* PBXContainerItemProxy */;
		};
		EDD73FA52B5FC57600A9FC9B /* PBXTargetDependency */ = {
			isa = PBXTargetDependency;
			target = EDD73F882B5FC57300A9FC9B /* Yummi */;
			targetProxy = EDD73FA42B5FC57600A9FC9B /* PBXContainerItemProxy */;
		};
/* End PBXTargetDependency section */

/* Begin XCBuildConfiguration section */
		EDD73FAB2B5FC57600A9FC9B /* Debug */ = {
			isa = XCBuildConfiguration;
			buildSettings = {
				ALWAYS_SEARCH_USER_PATHS = NO;
				ASSETCATALOG_COMPILER_GENERATE_SWIFT_ASSET_SYMBOL_EXTENSIONS = YES;
				CLANG_ANALYZER_NONNULL = YES;
				CLANG_ANALYZER_NUMBER_OBJECT_CONVERSION = YES_AGGRESSIVE;
				CLANG_CXX_LANGUAGE_STANDARD = "gnu++20";
				CLANG_ENABLE_MODULES = YES;
				CLANG_ENABLE_OBJC_ARC = YES;
				CLANG_ENABLE_OBJC_WEAK = YES;
				CLANG_WARN_BLOCK_CAPTURE_AUTORELEASING = YES;
				CLANG_WARN_BOOL_CONVERSION = YES;
				CLANG_WARN_COMMA = YES;
				CLANG_WARN_CONSTANT_CONVERSION = YES;
				CLANG_WARN_DEPRECATED_OBJC_IMPLEMENTATIONS = YES;
				CLANG_WARN_DIRECT_OBJC_ISA_USAGE = YES_ERROR;
				CLANG_WARN_DOCUMENTATION_COMMENTS = YES;
				CLANG_WARN_EMPTY_BODY = YES;
				CLANG_WARN_ENUM_CONVERSION = YES;
				CLANG_WARN_INFINITE_RECURSION = YES;
				CLANG_WARN_INT_CONVERSION = YES;
				CLANG_WARN_NON_LITERAL_NULL_CONVERSION = YES;
				CLANG_WARN_OBJC_IMPLICIT_RETAIN_SELF = YES;
				CLANG_WARN_OBJC_LITERAL_CONVERSION = YES;
				CLANG_WARN_OBJC_ROOT_CLASS = YES_ERROR;
				CLANG_WARN_QUOTED_INCLUDE_IN_FRAMEWORK_HEADER = YES;
				CLANG_WARN_RANGE_LOOP_ANALYSIS = YES;
				CLANG_WARN_STRICT_PROTOTYPES = YES;
				CLANG_WARN_SUSPICIOUS_MOVE = YES;
				CLANG_WARN_UNGUARDED_AVAILABILITY = YES_AGGRESSIVE;
				CLANG_WARN_UNREACHABLE_CODE = YES;
				CLANG_WARN__DUPLICATE_METHOD_MATCH = YES;
				COPY_PHASE_STRIP = NO;
				DEBUG_INFORMATION_FORMAT = dwarf;
				ENABLE_STRICT_OBJC_MSGSEND = YES;
				ENABLE_TESTABILITY = YES;
				ENABLE_USER_SCRIPT_SANDBOXING = YES;
				GCC_C_LANGUAGE_STANDARD = gnu17;
				GCC_DYNAMIC_NO_PIC = NO;
				GCC_NO_COMMON_BLOCKS = YES;
				GCC_OPTIMIZATION_LEVEL = 0;
				GCC_PREPROCESSOR_DEFINITIONS = (
					"DEBUG=1",
					"$(inherited)",
				);
				GCC_WARN_64_TO_32_BIT_CONVERSION = YES;
				GCC_WARN_ABOUT_RETURN_TYPE = YES_ERROR;
				GCC_WARN_UNDECLARED_SELECTOR = YES;
				GCC_WARN_UNINITIALIZED_AUTOS = YES_AGGRESSIVE;
				GCC_WARN_UNUSED_FUNCTION = YES;
				GCC_WARN_UNUSED_VARIABLE = YES;
				IPHONEOS_DEPLOYMENT_TARGET = 17.2;
				LOCALIZATION_PREFERS_STRING_CATALOGS = YES;
				MTL_ENABLE_DEBUG_INFO = INCLUDE_SOURCE;
				MTL_FAST_MATH = YES;
				ONLY_ACTIVE_ARCH = YES;
				SDKROOT = iphoneos;
				SWIFT_ACTIVE_COMPILATION_CONDITIONS = "DEBUG $(inherited)";
				SWIFT_OPTIMIZATION_LEVEL = "-Onone";
			};
			name = Debug;
		};
		EDD73FAC2B5FC57600A9FC9B /* Release */ = {
			isa = XCBuildConfiguration;
			buildSettings = {
				ALWAYS_SEARCH_USER_PATHS = NO;
				ASSETCATALOG_COMPILER_GENERATE_SWIFT_ASSET_SYMBOL_EXTENSIONS = YES;
				CLANG_ANALYZER_NONNULL = YES;
				CLANG_ANALYZER_NUMBER_OBJECT_CONVERSION = YES_AGGRESSIVE;
				CLANG_CXX_LANGUAGE_STANDARD = "gnu++20";
				CLANG_ENABLE_MODULES = YES;
				CLANG_ENABLE_OBJC_ARC = YES;
				CLANG_ENABLE_OBJC_WEAK = YES;
				CLANG_WARN_BLOCK_CAPTURE_AUTORELEASING = YES;
				CLANG_WARN_BOOL_CONVERSION = YES;
				CLANG_WARN_COMMA = YES;
				CLANG_WARN_CONSTANT_CONVERSION = YES;
				CLANG_WARN_DEPRECATED_OBJC_IMPLEMENTATIONS = YES;
				CLANG_WARN_DIRECT_OBJC_ISA_USAGE = YES_ERROR;
				CLANG_WARN_DOCUMENTATION_COMMENTS = YES;
				CLANG_WARN_EMPTY_BODY = YES;
				CLANG_WARN_ENUM_CONVERSION = YES;
				CLANG_WARN_INFINITE_RECURSION = YES;
				CLANG_WARN_INT_CONVERSION = YES;
				CLANG_WARN_NON_LITERAL_NULL_CONVERSION = YES;
				CLANG_WARN_OBJC_IMPLICIT_RETAIN_SELF = YES;
				CLANG_WARN_OBJC_LITERAL_CONVERSION = YES;
				CLANG_WARN_OBJC_ROOT_CLASS = YES_ERROR;
				CLANG_WARN_QUOTED_INCLUDE_IN_FRAMEWORK_HEADER = YES;
				CLANG_WARN_RANGE_LOOP_ANALYSIS = YES;
				CLANG_WARN_STRICT_PROTOTYPES = YES;
				CLANG_WARN_SUSPICIOUS_MOVE = YES;
				CLANG_WARN_UNGUARDED_AVAILABILITY = YES_AGGRESSIVE;
				CLANG_WARN_UNREACHABLE_CODE = YES;
				CLANG_WARN__DUPLICATE_METHOD_MATCH = YES;
				COPY_PHASE_STRIP = NO;
				DEBUG_INFORMATION_FORMAT = "dwarf-with-dsym";
				ENABLE_NS_ASSERTIONS = NO;
				ENABLE_STRICT_OBJC_MSGSEND = YES;
				ENABLE_USER_SCRIPT_SANDBOXING = YES;
				GCC_C_LANGUAGE_STANDARD = gnu17;
				GCC_NO_COMMON_BLOCKS = YES;
				GCC_WARN_64_TO_32_BIT_CONVERSION = YES;
				GCC_WARN_ABOUT_RETURN_TYPE = YES_ERROR;
				GCC_WARN_UNDECLARED_SELECTOR = YES;
				GCC_WARN_UNINITIALIZED_AUTOS = YES_AGGRESSIVE;
				GCC_WARN_UNUSED_FUNCTION = YES;
				GCC_WARN_UNUSED_VARIABLE = YES;
				IPHONEOS_DEPLOYMENT_TARGET = 17.2;
				LOCALIZATION_PREFERS_STRING_CATALOGS = YES;
				MTL_ENABLE_DEBUG_INFO = NO;
				MTL_FAST_MATH = YES;
				SDKROOT = iphoneos;
				SWIFT_COMPILATION_MODE = wholemodule;
				VALIDATE_PRODUCT = YES;
			};
			name = Release;
		};
		EDD73FAE2B5FC57600A9FC9B /* Debug */ = {
			isa = XCBuildConfiguration;
			buildSettings = {
				ASSETCATALOG_COMPILER_APPICON_NAME = AppIcon;
				ASSETCATALOG_COMPILER_GLOBAL_ACCENT_COLOR_NAME = AccentColor;
				CODE_SIGN_STYLE = Automatic;
				CURRENT_PROJECT_VERSION = 1;
				DEVELOPMENT_ASSET_PATHS = "\"Yummi/Preview Content\"";
				ENABLE_PREVIEWS = YES;
				GENERATE_INFOPLIST_FILE = YES;
				INFOPLIST_KEY_UIApplicationSceneManifest_Generation = YES;
				INFOPLIST_KEY_UIApplicationSupportsIndirectInputEvents = YES;
				INFOPLIST_KEY_UILaunchScreen_Generation = YES;
				INFOPLIST_KEY_UISupportedInterfaceOrientations_iPad = "UIInterfaceOrientationPortrait UIInterfaceOrientationPortraitUpsideDown UIInterfaceOrientationLandscapeLeft UIInterfaceOrientationLandscapeRight";
				INFOPLIST_KEY_UISupportedInterfaceOrientations_iPhone = "UIInterfaceOrientationPortrait UIInterfaceOrientationLandscapeLeft UIInterfaceOrientationLandscapeRight";
				LD_RUNPATH_SEARCH_PATHS = (
					"$(inherited)",
					"@executable_path/Frameworks",
				);
				MARKETING_VERSION = 1.0;
				PRODUCT_BUNDLE_IDENTIFIER = com.SlackE123.Yummi;
				PRODUCT_NAME = "$(TARGET_NAME)";
				SWIFT_EMIT_LOC_STRINGS = YES;
				SWIFT_VERSION = 5.0;
				TARGETED_DEVICE_FAMILY = "1,2";
			};
			name = Debug;
		};
		EDD73FAF2B5FC57600A9FC9B /* Release */ = {
			isa = XCBuildConfiguration;
			buildSettings = {
				ASSETCATALOG_COMPILER_APPICON_NAME = AppIcon;
				ASSETCATALOG_COMPILER_GLOBAL_ACCENT_COLOR_NAME = AccentColor;
				CODE_SIGN_STYLE = Automatic;
				CURRENT_PROJECT_VERSION = 1;
				DEVELOPMENT_ASSET_PATHS = "\"Yummi/Preview Content\"";
				ENABLE_PREVIEWS = YES;
				GENERATE_INFOPLIST_FILE = YES;
				INFOPLIST_KEY_UIApplicationSceneManifest_Generation = YES;
				INFOPLIST_KEY_UIApplicationSupportsIndirectInputEvents = YES;
				INFOPLIST_KEY_UILaunchScreen_Generation = YES;
				INFOPLIST_KEY_UISupportedInterfaceOrientations_iPad = "UIInterfaceOrientationPortrait UIInterfaceOrientationPortraitUpsideDown UIInterfaceOrientationLandscapeLeft UIInterfaceOrientationLandscapeRight";
				INFOPLIST_KEY_UISupportedInterfaceOrientations_iPhone = "UIInterfaceOrientationPortrait UIInterfaceOrientationLandscapeLeft UIInterfaceOrientationLandscapeRight";
				LD_RUNPATH_SEARCH_PATHS = (
					"$(inherited)",
					"@executable_path/Frameworks",
				);
				MARKETING_VERSION = 1.0;
				PRODUCT_BUNDLE_IDENTIFIER = com.SlackE123.Yummi;
				PRODUCT_NAME = "$(TARGET_NAME)";
				SWIFT_EMIT_LOC_STRINGS = YES;
				SWIFT_VERSION = 5.0;
				TARGETED_DEVICE_FAMILY = "1,2";
			};
			name = Release;
		};
		EDD73FB12B5FC57600A9FC9B /* Debug */ = {
			isa = XCBuildConfiguration;
			buildSettings = {
				ALWAYS_EMBED_SWIFT_STANDARD_LIBRARIES = YES;
				BUNDLE_LOADER = "$(TEST_HOST)";
				CODE_SIGN_STYLE = Automatic;
				CURRENT_PROJECT_VERSION = 1;
				GENERATE_INFOPLIST_FILE = YES;
				IPHONEOS_DEPLOYMENT_TARGET = 17.2;
				MARKETING_VERSION = 1.0;
				PRODUCT_BUNDLE_IDENTIFIER = com.SlackE123.YummiTests;
				PRODUCT_NAME = "$(TARGET_NAME)";
				SWIFT_EMIT_LOC_STRINGS = NO;
				SWIFT_VERSION = 5.0;
				TARGETED_DEVICE_FAMILY = "1,2";
				TEST_HOST = "$(BUILT_PRODUCTS_DIR)/Yummi.app/$(BUNDLE_EXECUTABLE_FOLDER_PATH)/Yummi";
			};
			name = Debug;
		};
		EDD73FB22B5FC57600A9FC9B /* Release */ = {
			isa = XCBuildConfiguration;
			buildSettings = {
				ALWAYS_EMBED_SWIFT_STANDARD_LIBRARIES = YES;
				BUNDLE_LOADER = "$(TEST_HOST)";
				CODE_SIGN_STYLE = Automatic;
				CURRENT_PROJECT_VERSION = 1;
				GENERATE_INFOPLIST_FILE = YES;
				IPHONEOS_DEPLOYMENT_TARGET = 17.2;
				MARKETING_VERSION = 1.0;
				PRODUCT_BUNDLE_IDENTIFIER = com.SlackE123.YummiTests;
				PRODUCT_NAME = "$(TARGET_NAME)";
				SWIFT_EMIT_LOC_STRINGS = NO;
				SWIFT_VERSION = 5.0;
				TARGETED_DEVICE_FAMILY = "1,2";
				TEST_HOST = "$(BUILT_PRODUCTS_DIR)/Yummi.app/$(BUNDLE_EXECUTABLE_FOLDER_PATH)/Yummi";
			};
			name = Release;
		};
		EDD73FB42B5FC57600A9FC9B /* Debug */ = {
			isa = XCBuildConfiguration;
			buildSettings = {
				ALWAYS_EMBED_SWIFT_STANDARD_LIBRARIES = YES;
				CODE_SIGN_STYLE = Automatic;
				CURRENT_PROJECT_VERSION = 1;
				GENERATE_INFOPLIST_FILE = YES;
				MARKETING_VERSION = 1.0;
				PRODUCT_BUNDLE_IDENTIFIER = com.SlackE123.YummiUITests;
				PRODUCT_NAME = "$(TARGET_NAME)";
				SWIFT_EMIT_LOC_STRINGS = NO;
				SWIFT_VERSION = 5.0;
				TARGETED_DEVICE_FAMILY = "1,2";
				TEST_TARGET_NAME = Yummi;
			};
			name = Debug;
		};
		EDD73FB52B5FC57600A9FC9B /* Release */ = {
			isa = XCBuildConfiguration;
			buildSettings = {
				ALWAYS_EMBED_SWIFT_STANDARD_LIBRARIES = YES;
				CODE_SIGN_STYLE = Automatic;
				CURRENT_PROJECT_VERSION = 1;
				GENERATE_INFOPLIST_FILE = YES;
				MARKETING_VERSION = 1.0;
				PRODUCT_BUNDLE_IDENTIFIER = com.SlackE123.YummiUITests;
				PRODUCT_NAME = "$(TARGET_NAME)";
				SWIFT_EMIT_LOC_STRINGS = NO;
				SWIFT_VERSION = 5.0;
				TARGETED_DEVICE_FAMILY = "1,2";
				TEST_TARGET_NAME = Yummi;
			};
			name = Release;
		};
/* End XCBuildConfiguration section */

/* Begin XCConfigurationList section */
		EDD73F842B5FC57300A9FC9B /* Build configuration list for PBXProject "Yummi" */ = {
			isa = XCConfigurationList;
			buildConfigurations = (
				EDD73FAB2B5FC57600A9FC9B /* Debug */,
				EDD73FAC2B5FC57600A9FC9B /* Release */,
			);
			defaultConfigurationIsVisible = 0;
			defaultConfigurationName = Release;
		};
		EDD73FAD2B5FC57600A9FC9B /* Build configuration list for PBXNativeTarget "Yummi" */ = {
			isa = XCConfigurationList;
			buildConfigurations = (
				EDD73FAE2B5FC57600A9FC9B /* Debug */,
				EDD73FAF2B5FC57600A9FC9B /* Release */,
			);
			defaultConfigurationIsVisible = 0;
			defaultConfigurationName = Release;
		};
		EDD73FB02B5FC57600A9FC9B /* Build configuration list for PBXNativeTarget "YummiTests" */ = {
			isa = XCConfigurationList;
			buildConfigurations = (
				EDD73FB12B5FC57600A9FC9B /* Debug */,
				EDD73FB22B5FC57600A9FC9B /* Release */,
			);
			defaultConfigurationIsVisible = 0;
			defaultConfigurationName = Release;
		};
		EDD73FB32B5FC57600A9FC9B /* Build configuration list for PBXNativeTarget "YummiUITests" */ = {
			isa = XCConfigurationList;
			buildConfigurations = (
				EDD73FB42B5FC57600A9FC9B /* Debug */,
				EDD73FB52B5FC57600A9FC9B /* Release */,
			);
			defaultConfigurationIsVisible = 0;
			defaultConfigurationName = Release;
		};
/* End XCConfigurationList section */
	};
	rootObject = EDD73F812B5FC57300A9FC9B /* Project object */;
}
